// !$*UTF8*$!
{
	archiveVersion = 1;
	classes = {
	};
	objectVersion = 48;
	objects = {

/* Begin PBXBuildFile section */
		06893E0B200898DC00AEDAE2 /* AppDelegate.swift in Sources */ = {isa = PBXBuildFile; fileRef = 06893E0A200898DC00AEDAE2 /* AppDelegate.swift */; };
		06893E0D200898DC00AEDAE2 /* TodoListViewController.swift in Sources */ = {isa = PBXBuildFile; fileRef = 06893E0C200898DC00AEDAE2 /* TodoListViewController.swift */; };
		06893E10200898DC00AEDAE2 /* Main.storyboard in Resources */ = {isa = PBXBuildFile; fileRef = 06893E0E200898DC00AEDAE2 /* Main.storyboard */; };
		06893E12200898DC00AEDAE2 /* Assets.xcassets in Resources */ = {isa = PBXBuildFile; fileRef = 06893E11200898DC00AEDAE2 /* Assets.xcassets */; };
		06893E15200898DC00AEDAE2 /* LaunchScreen.storyboard in Resources */ = {isa = PBXBuildFile; fileRef = 06893E13200898DC00AEDAE2 /* LaunchScreen.storyboard */; };
		06FE7F22200DAA330085FE9D /* CategoryViewController.swift in Sources */ = {isa = PBXBuildFile; fileRef = 06FE7F21200DAA330085FE9D /* CategoryViewController.swift */; };
		06FE7F26200DDF330085FE9D /* Category.swift in Sources */ = {isa = PBXBuildFile; fileRef = 06FE7F25200DDF330085FE9D /* Category.swift */; };
		06FE7F28200DDF3B0085FE9D /* Item.swift in Sources */ = {isa = PBXBuildFile; fileRef = 06FE7F27200DDF3B0085FE9D /* Item.swift */; };
		06FE7F2A200DFCE20085FE9D /* SwipeTableViewController.swift in Sources */ = {isa = PBXBuildFile; fileRef = 06FE7F29200DFCE20085FE9D /* SwipeTableViewController.swift */; };
		DAF1C2E4D0AD44287579BCF9 /* Pods_Todoey.framework in Frameworks */ = {isa = PBXBuildFile; fileRef = 272510EF0EF06580DC861721 /* Pods_Todoey.framework */; };
/* End PBXBuildFile section */

/* Begin PBXFileReference section */
		06893E07200898DC00AEDAE2 /* Todoey.app */ = {isa = PBXFileReference; explicitFileType = wrapper.application; includeInIndex = 0; path = Todoey.app; sourceTree = BUILT_PRODUCTS_DIR; };
		06893E0A200898DC00AEDAE2 /* AppDelegate.swift */ = {isa = PBXFileReference; lastKnownFileType = sourcecode.swift; path = AppDelegate.swift; sourceTree = "<group>"; };
		06893E0C200898DC00AEDAE2 /* TodoListViewController.swift */ = {isa = PBXFileReference; lastKnownFileType = sourcecode.swift; path = TodoListViewController.swift; sourceTree = "<group>"; };
		06893E0F200898DC00AEDAE2 /* Base */ = {isa = PBXFileReference; lastKnownFileType = file.storyboard; name = Base; path = Base.lproj/Main.storyboard; sourceTree = "<group>"; };
		06893E11200898DC00AEDAE2 /* Assets.xcassets */ = {isa = PBXFileReference; lastKnownFileType = folder.assetcatalog; path = Assets.xcassets; sourceTree = "<group>"; };
		06893E14200898DC00AEDAE2 /* Base */ = {isa = PBXFileReference; lastKnownFileType = file.storyboard; name = Base; path = Base.lproj/LaunchScreen.storyboard; sourceTree = "<group>"; };
		06893E16200898DC00AEDAE2 /* Info.plist */ = {isa = PBXFileReference; lastKnownFileType = text.plist.xml; path = Info.plist; sourceTree = "<group>"; };
		06FE7F21200DAA330085FE9D /* CategoryViewController.swift */ = {isa = PBXFileReference; lastKnownFileType = sourcecode.swift; path = CategoryViewController.swift; sourceTree = "<group>"; };
		06FE7F25200DDF330085FE9D /* Category.swift */ = {isa = PBXFileReference; lastKnownFileType = sourcecode.swift; path = Category.swift; sourceTree = "<group>"; };
		06FE7F27200DDF3B0085FE9D /* Item.swift */ = {isa = PBXFileReference; lastKnownFileType = sourcecode.swift; path = Item.swift; sourceTree = "<group>"; };
		06FE7F29200DFCE20085FE9D /* SwipeTableViewController.swift */ = {isa = PBXFileReference; lastKnownFileType = sourcecode.swift; path = SwipeTableViewController.swift; sourceTree = "<group>"; };
		0EBE5FA0CADAC1C50D84786D /* Pods-Todoey.debug.xcconfig */ = {isa = PBXFileReference; includeInIndex = 1; lastKnownFileType = text.xcconfig; name = "Pods-Todoey.debug.xcconfig"; path = "Pods/Target Support Files/Pods-Todoey/Pods-Todoey.debug.xcconfig"; sourceTree = "<group>"; };
		102D9BABD784ED934AFC6D9E /* Pods-Todoey.release.xcconfig */ = {isa = PBXFileReference; includeInIndex = 1; lastKnownFileType = text.xcconfig; name = "Pods-Todoey.release.xcconfig"; path = "Pods/Target Support Files/Pods-Todoey/Pods-Todoey.release.xcconfig"; sourceTree = "<group>"; };
		272510EF0EF06580DC861721 /* Pods_Todoey.framework */ = {isa = PBXFileReference; explicitFileType = wrapper.framework; includeInIndex = 0; path = Pods_Todoey.framework; sourceTree = BUILT_PRODUCTS_DIR; };
/* End PBXFileReference section */

/* Begin PBXFrameworksBuildPhase section */
		06893E04200898DC00AEDAE2 /* Frameworks */ = {
			isa = PBXFrameworksBuildPhase;
			buildActionMask = 2147483647;
			files = (
				DAF1C2E4D0AD44287579BCF9 /* Pods_Todoey.framework in Frameworks */,
			);
			runOnlyForDeploymentPostprocessing = 0;
		};
/* End PBXFrameworksBuildPhase section */

/* Begin PBXGroup section */
		06893DFE200898DC00AEDAE2 = {
			isa = PBXGroup;
			children = (
				06893E09200898DC00AEDAE2 /* Todoey */,
				06893E08200898DC00AEDAE2 /* Products */,
				A3120C1B879A3A03C45B4EC9 /* Pods */,
				A60424BAA8AFDDD609372E61 /* Frameworks */,
			);
			sourceTree = "<group>";
		};
		06893E08200898DC00AEDAE2 /* Products */ = {
			isa = PBXGroup;
			children = (
				06893E07200898DC00AEDAE2 /* Todoey.app */,
			);
			name = Products;
			sourceTree = "<group>";
		};
		06893E09200898DC00AEDAE2 /* Todoey */ = {
			isa = PBXGroup;
			children = (
				06E1959C2008BCF200DF229A /* Supporting Files */,
				06E1959B2008BCEC00DF229A /* Views */,
				06E1959A2008BCE200DF229A /* Controllers */,
				06E195992008BCD700DF229A /* Data Model */,
				06893E0A200898DC00AEDAE2 /* AppDelegate.swift */,
				06893E16200898DC00AEDAE2 /* Info.plist */,
			);
			path = Todoey;
			sourceTree = "<group>";
		};
		06E195992008BCD700DF229A /* Data Model */ = {
			isa = PBXGroup;
			children = (
				06FE7F25200DDF330085FE9D /* Category.swift */,
				06FE7F27200DDF3B0085FE9D /* Item.swift */,
			);
			path = "Data Model";
			sourceTree = "<group>";
		};
		06E1959A2008BCE200DF229A /* Controllers */ = {
			isa = PBXGroup;
			children = (
				06FE7F21200DAA330085FE9D /* CategoryViewController.swift */,
				06893E0C200898DC00AEDAE2 /* TodoListViewController.swift */,
				06FE7F29200DFCE20085FE9D /* SwipeTableViewController.swift */,
			);
			path = Controllers;
			sourceTree = "<group>";
		};
		06E1959B2008BCEC00DF229A /* Views */ = {
			isa = PBXGroup;
			children = (
				06893E0E200898DC00AEDAE2 /* Main.storyboard */,
			);
			path = Views;
			sourceTree = "<group>";
		};
		06E1959C2008BCF200DF229A /* Supporting Files */ = {
			isa = PBXGroup;
			children = (
				06893E11200898DC00AEDAE2 /* Assets.xcassets */,
				06893E13200898DC00AEDAE2 /* LaunchScreen.storyboard */,
			);
			path = "Supporting Files";
			sourceTree = "<group>";
		};
		A3120C1B879A3A03C45B4EC9 /* Pods */ = {
			isa = PBXGroup;
			children = (
				0EBE5FA0CADAC1C50D84786D /* Pods-Todoey.debug.xcconfig */,
				102D9BABD784ED934AFC6D9E /* Pods-Todoey.release.xcconfig */,
			);
			name = Pods;
			sourceTree = "<group>";
		};
		A60424BAA8AFDDD609372E61 /* Frameworks */ = {
			isa = PBXGroup;
			children = (
				272510EF0EF06580DC861721 /* Pods_Todoey.framework */,
			);
			name = Frameworks;
			sourceTree = "<group>";
		};
/* End PBXGroup section */

/* Begin PBXNativeTarget section */
		06893E06200898DC00AEDAE2 /* Todoey */ = {
			isa = PBXNativeTarget;
			buildConfigurationList = 06893E19200898DC00AEDAE2 /* Build configuration list for PBXNativeTarget "Todoey" */;
			buildPhases = (
				D9A68C80531903784BED27D1 /* [CP] Check Pods Manifest.lock */,
				06893E03200898DC00AEDAE2 /* Sources */,
				06893E04200898DC00AEDAE2 /* Frameworks */,
				06893E05200898DC00AEDAE2 /* Resources */,
				0886ECCDFF029D9C5CC5AD13 /* [CP] Embed Pods Frameworks */,
				46FF7F4C8F01175D430CDB96 /* [CP] Copy Pods Resources */,
			);
			buildRules = (
			);
			dependencies = (
			);
			name = Todoey;
			productName = Todoey;
			productReference = 06893E07200898DC00AEDAE2 /* Todoey.app */;
			productType = "com.apple.product-type.application";
		};
/* End PBXNativeTarget section */

/* Begin PBXProject section */
		06893DFF200898DC00AEDAE2 /* Project object */ = {
			isa = PBXProject;
			attributes = {
				LastSwiftUpdateCheck = 0920;
				LastUpgradeCheck = 0920;
				ORGANIZATIONNAME = "Oky Nugroho Kusumo";
				TargetAttributes = {
					06893E06200898DC00AEDAE2 = {
						CreatedOnToolsVersion = 9.2;
						ProvisioningStyle = Automatic;
					};
				};
			};
			buildConfigurationList = 06893E02200898DC00AEDAE2 /* Build configuration list for PBXProject "Todoey" */;
			compatibilityVersion = "Xcode 8.0";
			developmentRegion = en;
			hasScannedForEncodings = 0;
			knownRegions = (
				en,
				Base,
			);
			mainGroup = 06893DFE200898DC00AEDAE2;
			productRefGroup = 06893E08200898DC00AEDAE2 /* Products */;
			projectDirPath = "";
			projectRoot = "";
			targets = (
				06893E06200898DC00AEDAE2 /* Todoey */,
			);
		};
/* End PBXProject section */

/* Begin PBXResourcesBuildPhase section */
		06893E05200898DC00AEDAE2 /* Resources */ = {
			isa = PBXResourcesBuildPhase;
			buildActionMask = 2147483647;
			files = (
				06893E15200898DC00AEDAE2 /* LaunchScreen.storyboard in Resources */,
				06893E12200898DC00AEDAE2 /* Assets.xcassets in Resources */,
				06893E10200898DC00AEDAE2 /* Main.storyboard in Resources */,
			);
			runOnlyForDeploymentPostprocessing = 0;
		};
/* End PBXResourcesBuildPhase section */

/* Begin PBXShellScriptBuildPhase section */
		0886ECCDFF029D9C5CC5AD13 /* [CP] Embed Pods Frameworks */ = {
			isa = PBXShellScriptBuildPhase;
			buildActionMask = 2147483647;
			files = (
			);
			inputPaths = (
				"${SRCROOT}/Pods/Target Support Files/Pods-Todoey/Pods-Todoey-frameworks.sh",
				"${BUILT_PRODUCTS_DIR}/ChameleonFramework/ChameleonFramework.framework",
				"${BUILT_PRODUCTS_DIR}/Realm/Realm.framework",
				"${BUILT_PRODUCTS_DIR}/RealmSwift/RealmSwift.framework",
				"${BUILT_PRODUCTS_DIR}/SwipeCellKit/SwipeCellKit.framework",
			);
			name = "[CP] Embed Pods Frameworks";
			outputPaths = (
				"${TARGET_BUILD_DIR}/${FRAMEWORKS_FOLDER_PATH}/ChameleonFramework.framework",
				"${TARGET_BUILD_DIR}/${FRAMEWORKS_FOLDER_PATH}/Realm.framework",
				"${TARGET_BUILD_DIR}/${FRAMEWORKS_FOLDER_PATH}/RealmSwift.framework",
				"${TARGET_BUILD_DIR}/${FRAMEWORKS_FOLDER_PATH}/SwipeCellKit.framework",
			);
			runOnlyForDeploymentPostprocessing = 0;
			shellPath = /bin/sh;
			shellScript = "\"${SRCROOT}/Pods/Target Support Files/Pods-Todoey/Pods-Todoey-frameworks.sh\"\n";
			showEnvVarsInLog = 0;
		};
		46FF7F4C8F01175D430CDB96 /* [CP] Copy Pods Resources */ = {
			isa = PBXShellScriptBuildPhase;
			buildActionMask = 2147483647;
			files = (
			);
			inputPaths = (
			);
			name = "[CP] Copy Pods Resources";
			outputPaths = (
			);
			runOnlyForDeploymentPostprocessing = 0;
			shellPath = /bin/sh;
			shellScript = "\"${SRCROOT}/Pods/Target Support Files/Pods-Todoey/Pods-Todoey-resources.sh\"\n";
			showEnvVarsInLog = 0;
		};
		D9A68C80531903784BED27D1 /* [CP] Check Pods Manifest.lock */ = {
			isa = PBXShellScriptBuildPhase;
			buildActionMask = 2147483647;
			files = (
			);
			inputPaths = (
				"${PODS_PODFILE_DIR_PATH}/Podfile.lock",
				"${PODS_ROOT}/Manifest.lock",
			);
			name = "[CP] Check Pods Manifest.lock";
			outputPaths = (
				"$(DERIVED_FILE_DIR)/Pods-Todoey-checkManifestLockResult.txt",
			);
			runOnlyForDeploymentPostprocessing = 0;
			shellPath = /bin/sh;
			shellScript = "diff \"${PODS_PODFILE_DIR_PATH}/Podfile.lock\" \"${PODS_ROOT}/Manifest.lock\" > /dev/null\nif [ $? != 0 ] ; then\n    # print error to STDERR\n    echo \"error: The sandbox is not in sync with the Podfile.lock. Run 'pod install' or update your CocoaPods installation.\" >&2\n    exit 1\nfi\n# This output is used by Xcode 'outputs' to avoid re-running this script phase.\necho \"SUCCESS\" > \"${SCRIPT_OUTPUT_FILE_0}\"\n";
			showEnvVarsInLog = 0;
		};
/* End PBXShellScriptBuildPhase section */

/* Begin PBXSourcesBuildPhase section */
		06893E03200898DC00AEDAE2 /* Sources */ = {
			isa = PBXSourcesBuildPhase;
			buildActionMask = 2147483647;
			files = (
				06FE7F22200DAA330085FE9D /* CategoryViewController.swift in Sources */,
				06FE7F26200DDF330085FE9D /* Category.swift in Sources */,
				06893E0D200898DC00AEDAE2 /* TodoListViewController.swift in Sources */,
				06FE7F28200DDF3B0085FE9D /* Item.swift in Sources */,
				06FE7F2A200DFCE20085FE9D /* SwipeTableViewController.swift in Sources */,
				06893E0B200898DC00AEDAE2 /* AppDelegate.swift in Sources */,
			);
			runOnlyForDeploymentPostprocessing = 0;
		};
/* End PBXSourcesBuildPhase section */

/* Begin PBXVariantGroup section */
		06893E0E200898DC00AEDAE2 /* Main.storyboard */ = {
			isa = PBXVariantGroup;
			children = (
				06893E0F200898DC00AEDAE2 /* Base */,
			);
			name = Main.storyboard;
			sourceTree = "<group>";
		};
		06893E13200898DC00AEDAE2 /* LaunchScreen.storyboard */ = {
			isa = PBXVariantGroup;
			children = (
				06893E14200898DC00AEDAE2 /* Base */,
			);
			name = LaunchScreen.storyboard;
			sourceTree = "<group>";
		};
/* End PBXVariantGroup section */

/* Begin XCBuildConfiguration section */
		06893E17200898DC00AEDAE2 /* Debug */ = {
			isa = XCBuildConfiguration;
			buildSettings = {
				ALWAYS_SEARCH_USER_PATHS = NO;
				CLANG_ANALYZER_NONNULL = YES;
				CLANG_ANALYZER_NUMBER_OBJECT_CONVERSION = YES_AGGRESSIVE;
				CLANG_CXX_LANGUAGE_STANDARD = "gnu++14";
				CLANG_CXX_LIBRARY = "libc++";
				CLANG_ENABLE_MODULES = YES;
				CLANG_ENABLE_OBJC_ARC = YES;
				CLANG_WARN_BLOCK_CAPTURE_AUTORELEASING = YES;
				CLANG_WARN_BOOL_CONVERSION = YES;
				CLANG_WARN_COMMA = YES;
				CLANG_WARN_CONSTANT_CONVERSION = YES;
				CLANG_WARN_DIRECT_OBJC_ISA_USAGE = YES_ERROR;
				CLANG_WARN_DOCUMENTATION_COMMENTS = YES;
				CLANG_WARN_EMPTY_BODY = YES;
				CLANG_WARN_ENUM_CONVERSION = YES;
				CLANG_WARN_INFINITE_RECURSION = YES;
				CLANG_WARN_INT_CONVERSION = YES;
				CLANG_WARN_NON_LITERAL_NULL_CONVERSION = YES;
				CLANG_WARN_OBJC_LITERAL_CONVERSION = YES;
				CLANG_WARN_OBJC_ROOT_CLASS = YES_ERROR;
				CLANG_WARN_RANGE_LOOP_ANALYSIS = YES;
				CLANG_WARN_STRICT_PROTOTYPES = YES;
				CLANG_WARN_SUSPICIOUS_MOVE = YES;
				CLANG_WARN_UNGUARDED_AVAILABILITY = YES_AGGRESSIVE;
				CLANG_WARN_UNREACHABLE_CODE = YES;
				CLANG_WARN__DUPLICATE_METHOD_MATCH = YES;
				CODE_SIGN_IDENTITY = "iPhone Developer";
				COPY_PHASE_STRIP = NO;
				DEBUG_INFORMATION_FORMAT = dwarf;
				ENABLE_STRICT_OBJC_MSGSEND = YES;
				ENABLE_TESTABILITY = YES;
				GCC_C_LANGUAGE_STANDARD = gnu11;
				GCC_DYNAMIC_NO_PIC = NO;
				GCC_NO_COMMON_BLOCKS = YES;
				GCC_OPTIMIZATION_LEVEL = 0;
				GCC_PREPROCESSOR_DEFINITIONS = (
					"DEBUG=1",
					"$(inherited)",
				);
				GCC_WARN_64_TO_32_BIT_CONVERSION = YES;
				GCC_WARN_ABOUT_RETURN_TYPE = YES_ERROR;
				GCC_WARN_UNDECLARED_SELECTOR = YES;
				GCC_WARN_UNINITIALIZED_AUTOS = YES_AGGRESSIVE;
				GCC_WARN_UNUSED_FUNCTION = YES;
				GCC_WARN_UNUSED_VARIABLE = YES;
				IPHONEOS_DEPLOYMENT_TARGET = 11.2;
				MTL_ENABLE_DEBUG_INFO = YES;
				ONLY_ACTIVE_ARCH = YES;
				SDKROOT = iphoneos;
				SWIFT_ACTIVE_COMPILATION_CONDITIONS = DEBUG;
				SWIFT_OPTIMIZATION_LEVEL = "-Onone";
			};
			name = Debug;
		};
		06893E18200898DC00AEDAE2 /* Release */ = {
			isa = XCBuildConfiguration;
			buildSettings = {
				ALWAYS_SEARCH_USER_PATHS = NO;
				CLANG_ANALYZER_NONNULL = YES;
				CLANG_ANALYZER_NUMBER_OBJECT_CONVERSION = YES_AGGRESSIVE;
				CLANG_CXX_LANGUAGE_STANDARD = "gnu++14";
				CLANG_CXX_LIBRARY = "libc++";
				CLANG_ENABLE_MODULES = YES;
				CLANG_ENABLE_OBJC_ARC = YES;
				CLANG_WARN_BLOCK_CAPTURE_AUTORELEASING = YES;
				CLANG_WARN_BOOL_CONVERSION = YES;
				CLANG_WARN_COMMA = YES;
				CLANG_WARN_CONSTANT_CONVERSION = YES;
				CLANG_WARN_DIRECT_OBJC_ISA_USAGE = YES_ERROR;
				CLANG_WARN_DOCUMENTATION_COMMENTS = YES;
				CLANG_WARN_EMPTY_BODY = YES;
				CLANG_WARN_ENUM_CONVERSION = YES;
				CLANG_WARN_INFINITE_RECURSION = YES;
				CLANG_WARN_INT_CONVERSION = YES;
				CLANG_WARN_NON_LITERAL_NULL_CONVERSION = YES;
				CLANG_WARN_OBJC_LITERAL_CONVERSION = YES;
				CLANG_WARN_OBJC_ROOT_CLASS = YES_ERROR;
				CLANG_WARN_RANGE_LOOP_ANALYSIS = YES;
				CLANG_WARN_STRICT_PROTOTYPES = YES;
				CLANG_WARN_SUSPICIOUS_MOVE = YES;
				CLANG_WARN_UNGUARDED_AVAILABILITY = YES_AGGRESSIVE;
				CLANG_WARN_UNREACHABLE_CODE = YES;
				CLANG_WARN__DUPLICATE_METHOD_MATCH = YES;
				CODE_SIGN_IDENTITY = "iPhone Developer";
				COPY_PHASE_STRIP = NO;
				DEBUG_INFORMATION_FORMAT = "dwarf-with-dsym";
				ENABLE_NS_ASSERTIONS = NO;
				ENABLE_STRICT_OBJC_MSGSEND = YES;
				GCC_C_LANGUAGE_STANDARD = gnu11;
				GCC_NO_COMMON_BLOCKS = YES;
				GCC_WARN_64_TO_32_BIT_CONVERSION = YES;
				GCC_WARN_ABOUT_RETURN_TYPE = YES_ERROR;
				GCC_WARN_UNDECLARED_SELECTOR = YES;
				GCC_WARN_UNINITIALIZED_AUTOS = YES_AGGRESSIVE;
				GCC_WARN_UNUSED_FUNCTION = YES;
				GCC_WARN_UNUSED_VARIABLE = YES;
				IPHONEOS_DEPLOYMENT_TARGET = 11.2;
				MTL_ENABLE_DEBUG_INFO = NO;
				SDKROOT = iphoneos;
				SWIFT_OPTIMIZATION_LEVEL = "-Owholemodule";
				VALIDATE_PRODUCT = YES;
			};
			name = Release;
		};
		06893E1A200898DC00AEDAE2 /* Debug */ = {
			isa = XCBuildConfiguration;
			baseConfigurationReference = 0EBE5FA0CADAC1C50D84786D /* Pods-Todoey.debug.xcconfig */;
			buildSettings = {
				ASSETCATALOG_COMPILER_APPICON_NAME = AppIcon;
				CODE_SIGN_STYLE = Automatic;
				DEVELOPMENT_TEAM = 9VJ986T679;
				INFOPLIST_FILE = Todoey/Info.plist;
				LD_RUNPATH_SEARCH_PATHS = "$(inherited) @executable_path/Frameworks";
				PRODUCT_BUNDLE_IDENTIFIER = com.okynk.Todoey;
				PRODUCT_NAME = "$(TARGET_NAME)";
				SWIFT_VERSION = 4.0;
				TARGETED_DEVICE_FAMILY = 1;
			};
			name = Debug;
		};
		06893E1B200898DC00AEDAE2 /* Release */ = {
			isa = XCBuildConfiguration;
			baseConfigurationReference = 102D9BABD784ED934AFC6D9E /* Pods-Todoey.release.xcconfig */;
			buildSettings = {
				ASSETCATALOG_COMPILER_APPICON_NAME = AppIcon;
				CODE_SIGN_STYLE = Automatic;
				DEVELOPMENT_TEAM = 9VJ986T679;
				INFOPLIST_FILE = Todoey/Info.plist;
				LD_RUNPATH_SEARCH_PATHS = "$(inherited) @executable_path/Frameworks";
				PRODUCT_BUNDLE_IDENTIFIER = com.okynk.Todoey;
				PRODUCT_NAME = "$(TARGET_NAME)";
				SWIFT_VERSION = 4.0;
				TARGETED_DEVICE_FAMILY = 1;
			};
			name = Release;
		};
/* End XCBuildConfiguration section */

/* Begin XCConfigurationList section */
		06893E02200898DC00AEDAE2 /* Build configuration list for PBXProject "Todoey" */ = {
			isa = XCConfigurationList;
			buildConfigurations = (
				06893E17200898DC00AEDAE2 /* Debug */,
				06893E18200898DC00AEDAE2 /* Release */,
			);
			defaultConfigurationIsVisible = 0;
			defaultConfigurationName = Release;
		};
		06893E19200898DC00AEDAE2 /* Build configuration list for PBXNativeTarget "Todoey" */ = {
			isa = XCConfigurationList;
			buildConfigurations = (
				06893E1A200898DC00AEDAE2 /* Debug */,
				06893E1B200898DC00AEDAE2 /* Release */,
			);
			defaultConfigurationIsVisible = 0;
			defaultConfigurationName = Release;
		};
/* End XCConfigurationList section */
	};
	rootObject = 06893DFF200898DC00AEDAE2 /* Project object */;
}
